
Microsoft Visual Studio Solution File, Format Version 12.00
# Visual Studio 15
VisualStudioVersion = 15.0.28307.1433
MinimumVisualStudioVersion = 10.0.40219.1
Project("{FAE04EC0-301F-11D3-BF4B-00C04F79EFBC}") = "InHouseERP.UI", "InHouseERP.UI\InHouseERP.UI.csproj", "{F8416616-21EA-42EE-AAA0-FB391328F3DA}"
EndProject
Project("{FAE04EC0-301F-11D3-BF4B-00C04F79EFBC}") = "InHouseERP.Backend", "InHouseERP.Backend\InHouseERP.Backend.csproj", "{E3BD6F84-20F5-4199-8A65-99D5E4BD7294}"
EndProject
Global
	GlobalSection(SolutionConfigurationPlatforms) = preSolution
		Debug|Any CPU = Debug|Any CPU
		Release|Any CPU = Release|Any CPU
	EndGlobalSection
	GlobalSection(ProjectConfigurationPlatforms) = postSolution
		{F8416616-21EA-42EE-AAA0-FB391328F3DA}.Debug|Any CPU.ActiveCfg = Debug|Any CPU
		{F8416616-21EA-42EE-AAA0-FB391328F3DA}.Debug|Any CPU.Build.0 = Debug|Any CPU
		{F8416616-21EA-42EE-AAA0-FB391328F3DA}.Release|Any CPU.ActiveCfg = Release|Any CPU
		{F8416616-21EA-42EE-AAA0-FB391328F3DA}.Release|Any CPU.Build.0 = Release|Any CPU
		{E3BD6F84-20F5-4199-8A65-99D5E4BD7294}.Debug|Any CPU.ActiveCfg = Debug|Any CPU
		{E3BD6F84-20F5-4199-8A65-99D5E4BD7294}.Debug|Any CPU.Build.0 = Debug|Any CPU
		{E3BD6F84-20F5-4199-8A65-99D5E4BD7294}.Release|Any CPU.ActiveCfg = Release|Any CPU
		{E3BD6F84-20F5-4199-8A65-99D5E4BD7294}.Release|Any CPU.Build.0 = Release|Any CPU
	EndGlobalSection
	GlobalSection(SolutionProperties) = preSolution
		HideSolutionNode = FALSE
	EndGlobalSection
	GlobalSection(ExtensibilityGlobals) = postSolution
		SolutionGuid = {3BE543B0-8449-4C51-AF2B-56D32C8082A4}
	EndGlobalSection
EndGlobal
